
Microsoft Visual Studio Solution File, Format Version 12.00
# Visual Studio 15
VisualStudioVersion = 15.0.26124.0
MinimumVisualStudioVersion = 15.0.26124.0
Project("{9A19103F-16F7-4668-BE54-9A1E7A4F7556}") = "R5T.NetStandard.IO.Paths.Construction", "R5T.NetStandard.IO.Paths.Construction\R5T.NetStandard.IO.Paths.Construction.csproj", "{6992D96C-BF68-404E-B0C2-9B3286DF31DC}"
EndProject
Project("{9A19103F-16F7-4668-BE54-9A1E7A4F7556}") = "R5T.NetStandard.IO.Paths", "R5T.NetStandard.IO.Paths\R5T.NetStandard.IO.Paths.csproj", "{2B1E3C0C-EB85-442E-8AD8-0B7A6518BBBF}"
EndProject
Project("{9A19103F-16F7-4668-BE54-9A1E7A4F7556}") = "R5T.NetStandard.IO.Paths.Testing", "R5T.NetStandard.IO.Paths.Testing\R5T.NetStandard.IO.Paths.Testing.csproj", "{5C97D40A-DC65-446B-A146-A884ED9DF8A9}"
EndProject
Project("{9A19103F-16F7-4668-BE54-9A1E7A4F7556}") = "R5T.NetStandard.Types", "..\..\R5T.NetStandard.Types\source\R5T.NetStandard.Types\R5T.NetStandard.Types.csproj", "{10060150-B66B-4CA4-A209-0BBE19A7A4A7}"
EndProject
Project("{9A19103F-16F7-4668-BE54-9A1E7A4F7556}") = "R5T.NetStandard.OS", "..\..\R5T.NetStandard.OS\source\R5T.NetStandard.OS\R5T.NetStandard.OS.csproj", "{382E3B47-3072-43B1-8D27-9BDCFCB27305}"
EndProject
Project("{2150E333-8FDC-42A3-9474-1A3956D46DE8}") = "_Dependencies", "_Dependencies", "{B59B1634-2EAF-4D1A-9CEA-276BC260AB59}"
EndProject
Project("{9A19103F-16F7-4668-BE54-9A1E7A4F7556}") = "R5T.NetStandard.OS.Types", "..\..\R5T.NetStandard.OS.Types\source\R5T.NetStandard.OS.Types\R5T.NetStandard.OS.Types.csproj", "{7EB9EB24-D66F-46B4-9CED-2073764DBFC4}"
EndProject
Project("{9A19103F-16F7-4668-BE54-9A1E7A4F7556}") = "R5T.NetStandard.TypedString", "..\..\R5T.NetStandard.TypedString\source\R5T.NetStandard.TypedString\R5T.NetStandard.TypedString.csproj", "{ADED7449-4800-4ACB-BB9B-50D7B5FFFD35}"
EndProject
Project("{9A19103F-16F7-4668-BE54-9A1E7A4F7556}") = "R5T.NetStandard.Describer", "..\..\R5T.NetStandard.Describer\source\R5T.NetStandard.Describer\R5T.NetStandard.Describer.csproj", "{BA921019-C1D7-4844-9751-57F83ED3C234}"
EndProject
Global
	GlobalSection(SolutionConfigurationPlatforms) = preSolution
		Debug|Any CPU = Debug|Any CPU
		Debug|x64 = Debug|x64
		Debug|x86 = Debug|x86
		Release|Any CPU = Release|Any CPU
		Release|x64 = Release|x64
		Release|x86 = Release|x86
	EndGlobalSection
	GlobalSection(ProjectConfigurationPlatforms) = postSolution
		{6992D96C-BF68-404E-B0C2-9B3286DF31DC}.Debug|Any CPU.ActiveCfg = Debug|Any CPU
		{6992D96C-BF68-404E-B0C2-9B3286DF31DC}.Debug|Any CPU.Build.0 = Debug|Any CPU
		{6992D96C-BF68-404E-B0C2-9B3286DF31DC}.Debug|x64.ActiveCfg = Debug|Any CPU
		{6992D96C-BF68-404E-B0C2-9B3286DF31DC}.Debug|x64.Build.0 = Debug|Any CPU
		{6992D96C-BF68-404E-B0C2-9B3286DF31DC}.Debug|x86.ActiveCfg = Debug|Any CPU
		{6992D96C-BF68-404E-B0C2-9B3286DF31DC}.Debug|x86.Build.0 = Debug|Any CPU
		{6992D96C-BF68-404E-B0C2-9B3286DF31DC}.Release|Any CPU.ActiveCfg = Release|Any CPU
		{6992D96C-BF68-404E-B0C2-9B3286DF31DC}.Release|Any CPU.Build.0 = Release|Any CPU
		{6992D96C-BF68-404E-B0C2-9B3286DF31DC}.Release|x64.ActiveCfg = Release|Any CPU
		{6992D96C-BF68-404E-B0C2-9B3286DF31DC}.Release|x64.Build.0 = Release|Any CPU
		{6992D96C-BF68-404E-B0C2-9B3286DF31DC}.Release|x86.ActiveCfg = Release|Any CPU
		{6992D96C-BF68-404E-B0C2-9B3286DF31DC}.Release|x86.Build.0 = Release|Any CPU
		{2B1E3C0C-EB85-442E-8AD8-0B7A6518BBBF}.Debug|Any CPU.ActiveCfg = Debug|Any CPU
		{2B1E3C0C-EB85-442E-8AD8-0B7A6518BBBF}.Debug|Any CPU.Build.0 = Debug|Any CPU
		{2B1E3C0C-EB85-442E-8AD8-0B7A6518BBBF}.Debug|x64.ActiveCfg = Debug|Any CPU
		{2B1E3C0C-EB85-442E-8AD8-0B7A6518BBBF}.Debug|x64.Build.0 = Debug|Any CPU
		{2B1E3C0C-EB85-442E-8AD8-0B7A6518BBBF}.Debug|x86.ActiveCfg = Debug|Any CPU
		{2B1E3C0C-EB85-442E-8AD8-0B7A6518BBBF}.Debug|x86.Build.0 = Debug|Any CPU
		{2B1E3C0C-EB85-442E-8AD8-0B7A6518BBBF}.Release|Any CPU.ActiveCfg = Release|Any CPU
		{2B1E3C0C-EB85-442E-8AD8-0B7A6518BBBF}.Release|Any CPU.Build.0 = Release|Any CPU
		{2B1E3C0C-EB85-442E-8AD8-0B7A6518BBBF}.Release|x64.ActiveCfg = Release|Any CPU
		{2B1E3C0C-EB85-442E-8AD8-0B7A6518BBBF}.Release|x64.Build.0 = Release|Any CPU
		{2B1E3C0C-EB85-442E-8AD8-0B7A6518BBBF}.Release|x86.ActiveCfg = Release|Any CPU
		{2B1E3C0C-EB85-442E-8AD8-0B7A6518BBBF}.Release|x86.Build.0 = Release|Any CPU
		{5C97D40A-DC65-446B-A146-A884ED9DF8A9}.Debug|Any CPU.ActiveCfg = Debug|Any CPU
		{5C97D40A-DC65-446B-A146-A884ED9DF8A9}.Debug|Any CPU.Build.0 = Debug|Any CPU
		{5C97D40A-DC65-446B-A146-A884ED9DF8A9}.Debug|x64.ActiveCfg = Debug|Any CPU
		{5C97D40A-DC65-446B-A146-A884ED9DF8A9}.Debug|x64.Build.0 = Debug|Any CPU
		{5C97D40A-DC65-446B-A146-A884ED9DF8A9}.Debug|x86.ActiveCfg = Debug|Any CPU
		{5C97D40A-DC65-446B-A146-A884ED9DF8A9}.Debug|x86.Build.0 = Debug|Any CPU
		{5C97D40A-DC65-446B-A146-A884ED9DF8A9}.Release|Any CPU.ActiveCfg = Release|Any CPU
		{5C97D40A-DC65-446B-A146-A884ED9DF8A9}.Release|Any CPU.Build.0 = Release|Any CPU
		{5C97D40A-DC65-446B-A146-A884ED9DF8A9}.Release|x64.ActiveCfg = Release|Any CPU
		{5C97D40A-DC65-446B-A146-A884ED9DF8A9}.Release|x64.Build.0 = Release|Any CPU
		{5C97D40A-DC65-446B-A146-A884ED9DF8A9}.Release|x86.ActiveCfg = Release|Any CPU
		{5C97D40A-DC65-446B-A146-A884ED9DF8A9}.Release|x86.Build.0 = Release|Any CPU
		{10060150-B66B-4CA4-A209-0BBE19A7A4A7}.Debug|Any CPU.ActiveCfg = Debug|Any CPU
		{10060150-B66B-4CA4-A209-0BBE19A7A4A7}.Debug|Any CPU.Build.0 = Debug|Any CPU
		{10060150-B66B-4CA4-A209-0BBE19A7A4A7}.Debug|x64.ActiveCfg = Debug|Any CPU
		{10060150-B66B-4CA4-A209-0BBE19A7A4A7}.Debug|x64.Build.0 = Debug|Any CPU
		{10060150-B66B-4CA4-A209-0BBE19A7A4A7}.Debug|x86.ActiveCfg = Debug|Any CPU
		{10060150-B66B-4CA4-A209-0BBE19A7A4A7}.Debug|x86.Build.0 = Debug|Any CPU
		{10060150-B66B-4CA4-A209-0BBE19A7A4A7}.Release|Any CPU.ActiveCfg = Release|Any CPU
		{10060150-B66B-4CA4-A209-0BBE19A7A4A7}.Release|Any CPU.Build.0 = Release|Any CPU
		{10060150-B66B-4CA4-A209-0BBE19A7A4A7}.Release|x64.ActiveCfg = Release|Any CPU
		{10060150-B66B-4CA4-A209-0BBE19A7A4A7}.Release|x64.Build.0 = Release|Any CPU
		{10060150-B66B-4CA4-A209-0BBE19A7A4A7}.Release|x86.ActiveCfg = Release|Any CPU
		{10060150-B66B-4CA4-A209-0BBE19A7A4A7}.Release|x86.Build.0 = Release|Any CPU
		{382E3B47-3072-43B1-8D27-9BDCFCB27305}.Debug|Any CPU.ActiveCfg = Debug|Any CPU
		{382E3B47-3072-43B1-8D27-9BDCFCB27305}.Debug|Any CPU.Build.0 = Debug|Any CPU
		{382E3B47-3072-43B1-8D27-9BDCFCB27305}.Debug|x64.ActiveCfg = Debug|Any CPU
		{382E3B47-3072-43B1-8D27-9BDCFCB27305}.Debug|x64.Build.0 = Debug|Any CPU
		{382E3B47-3072-43B1-8D27-9BDCFCB27305}.Debug|x86.ActiveCfg = Debug|Any CPU
		{382E3B47-3072-43B1-8D27-9BDCFCB27305}.Debug|x86.Build.0 = Debug|Any CPU
		{382E3B47-3072-43B1-8D27-9BDCFCB27305}.Release|Any CPU.ActiveCfg = Release|Any CPU
		{382E3B47-3072-43B1-8D27-9BDCFCB27305}.Release|Any CPU.Build.0 = Release|Any CPU
		{382E3B47-3072-43B1-8D27-9BDCFCB27305}.Release|x64.ActiveCfg = Release|Any CPU
		{382E3B47-3072-43B1-8D27-9BDCFCB27305}.Release|x64.Build.0 = Release|Any CPU
		{382E3B47-3072-43B1-8D27-9BDCFCB27305}.Release|x86.ActiveCfg = Release|Any CPU
		{382E3B47-3072-43B1-8D27-9BDCFCB27305}.Release|x86.Build.0 = Release|Any CPU
		{7EB9EB24-D66F-46B4-9CED-2073764DBFC4}.Debug|Any CPU.ActiveCfg = Debug|Any CPU
		{7EB9EB24-D66F-46B4-9CED-2073764DBFC4}.Debug|Any CPU.Build.0 = Debug|Any CPU
		{7EB9EB24-D66F-46B4-9CED-2073764DBFC4}.Debug|x64.ActiveCfg = Debug|Any CPU
		{7EB9EB24-D66F-46B4-9CED-2073764DBFC4}.Debug|x64.Build.0 = Debug|Any CPU
		{7EB9EB24-D66F-46B4-9CED-2073764DBFC4}.Debug|x86.ActiveCfg = Debug|Any CPU
		{7EB9EB24-D66F-46B4-9CED-2073764DBFC4}.Debug|x86.Build.0 = Debug|Any CPU
		{7EB9EB24-D66F-46B4-9CED-2073764DBFC4}.Release|Any CPU.ActiveCfg = Release|Any CPU
		{7EB9EB24-D66F-46B4-9CED-2073764DBFC4}.Release|Any CPU.Build.0 = Release|Any CPU
		{7EB9EB24-D66F-46B4-9CED-2073764DBFC4}.Release|x64.ActiveCfg = Release|Any CPU
		{7EB9EB24-D66F-46B4-9CED-2073764DBFC4}.Release|x64.Build.0 = Release|Any CPU
		{7EB9EB24-D66F-46B4-9CED-2073764DBFC4}.Release|x86.ActiveCfg = Release|Any CPU
		{7EB9EB24-D66F-46B4-9CED-2073764DBFC4}.Release|x86.Build.0 = Release|Any CPU
		{ADED7449-4800-4ACB-BB9B-50D7B5FFFD35}.Debug|Any CPU.ActiveCfg = Debug|Any CPU
		{ADED7449-4800-4ACB-BB9B-50D7B5FFFD35}.Debug|Any CPU.Build.0 = Debug|Any CPU
		{ADED7449-4800-4ACB-BB9B-50D7B5FFFD35}.Debug|x64.ActiveCfg = Debug|Any CPU
		{ADED7449-4800-4ACB-BB9B-50D7B5FFFD35}.Debug|x64.Build.0 = Debug|Any CPU
		{ADED7449-4800-4ACB-BB9B-50D7B5FFFD35}.Debug|x86.ActiveCfg = Debug|Any CPU
		{ADED7449-4800-4ACB-BB9B-50D7B5FFFD35}.Debug|x86.Build.0 = Debug|Any CPU
		{ADED7449-4800-4ACB-BB9B-50D7B5FFFD35}.Release|Any CPU.ActiveCfg = Release|Any CPU
		{ADED7449-4800-4ACB-BB9B-50D7B5FFFD35}.Release|Any CPU.Build.0 = Release|Any CPU
		{ADED7449-4800-4ACB-BB9B-50D7B5FFFD35}.Release|x64.ActiveCfg = Release|Any CPU
		{ADED7449-4800-4ACB-BB9B-50D7B5FFFD35}.Release|x64.Build.0 = Release|Any CPU
		{ADED7449-4800-4ACB-BB9B-50D7B5FFFD35}.Release|x86.ActiveCfg = Release|Any CPU
		{ADED7449-4800-4ACB-BB9B-50D7B5FFFD35}.Release|x86.Build.0 = Release|Any CPU
		{BA921019-C1D7-4844-9751-57F83ED3C234}.Debug|Any CPU.ActiveCfg = Debug|Any CPU
		{BA921019-C1D7-4844-9751-57F83ED3C234}.Debug|Any CPU.Build.0 = Debug|Any CPU
		{BA921019-C1D7-4844-9751-57F83ED3C234}.Debug|x64.ActiveCfg = Debug|Any CPU
		{BA921019-C1D7-4844-9751-57F83ED3C234}.Debug|x64.Build.0 = Debug|Any CPU
		{BA921019-C1D7-4844-9751-57F83ED3C234}.Debug|x86.ActiveCfg = Debug|Any CPU
		{BA921019-C1D7-4844-9751-57F83ED3C234}.Debug|x86.Build.0 = Debug|Any CPU
		{BA921019-C1D7-4844-9751-57F83ED3C234}.Release|Any CPU.ActiveCfg = Release|Any CPU
		{BA921019-C1D7-4844-9751-57F83ED3C234}.Release|Any CPU.Build.0 = Release|Any CPU
		{BA921019-C1D7-4844-9751-57F83ED3C234}.Release|x64.ActiveCfg = Release|Any CPU
		{BA921019-C1D7-4844-9751-57F83ED3C234}.Release|x64.Build.0 = Release|Any CPU
		{BA921019-C1D7-4844-9751-57F83ED3C234}.Release|x86.ActiveCfg = Release|Any CPU
		{BA921019-C1D7-4844-9751-57F83ED3C234}.Release|x86.Build.0 = Release|Any CPU
	EndGlobalSection
	GlobalSection(SolutionProperties) = preSolution
		HideSolutionNode = FALSE
	EndGlobalSection
	GlobalSection(NestedProjects) = preSolution
		{10060150-B66B-4CA4-A209-0BBE19A7A4A7} = {B59B1634-2EAF-4D1A-9CEA-276BC260AB59}
		{382E3B47-3072-43B1-8D27-9BDCFCB27305} = {B59B1634-2EAF-4D1A-9CEA-276BC260AB59}
		{7EB9EB24-D66F-46B4-9CED-2073764DBFC4} = {B59B1634-2EAF-4D1A-9CEA-276BC260AB59}
		{ADED7449-4800-4ACB-BB9B-50D7B5FFFD35} = {B59B1634-2EAF-4D1A-9CEA-276BC260AB59}
		{BA921019-C1D7-4844-9751-57F83ED3C234} = {B59B1634-2EAF-4D1A-9CEA-276BC260AB59}
	EndGlobalSection
	GlobalSection(ExtensibilityGlobals) = postSolution
		SolutionGuid = {73CAE991-ABF8-4B1E-8712-260EE7BF7CEB}
	EndGlobalSection
EndGlobal
